Microsoft Visual Studio Solution File, Format Version 12.00
# Visual Studio Version 17
VisualStudioVersion = 17.5.2.0
MinimumVisualStudioVersion = 10.0.40219.1
Project("{FAE04EC0-301F-11D3-BF4B-00C04F79EFBC}") = "AwkToC", "AwkToC.csproj", "{EDDDFBD5-F843-2547-A386-D164B20A675A}"
EndProject
Global
	GlobalSection(SolutionConfigurationPlatforms) = preSolution
		Debug|Any CPU = Debug|Any CPU
		Release|Any CPU = Release|Any CPU
	EndGlobalSection
	GlobalSection(ProjectConfigurationPlatforms) = postSolution
		{EDDDFBD5-F843-2547-A386-D164B20A675A}.Debug|Any CPU.ActiveCfg = Debug|Any CPU
		{EDDDFBD5-F843-2547-A386-D164B20A675A}.Debug|Any CPU.Build.0 = Debug|Any CPU
		{EDDDFBD5-F843-2547-A386-D164B20A675A}.Release|Any CPU.ActiveCfg = Release|Any CPU
		{EDDDFBD5-F843-2547-A386-D164B20A675A}.Release|Any CPU.Build.0 = Release|Any CPU
	EndGlobalSection
	GlobalSection(SolutionProperties) = preSolution
		HideSolutionNode = FALSE
	EndGlobalSection
	GlobalSection(ExtensibilityGlobals) = postSolution
		SolutionGuid = {8D3E7399-E892-4029-8BC3-FE505720FB31}
	EndGlobalSection
EndGlobal
